
Microsoft Visual Studio Solution File, Format Version 12.00
# Visual Studio Version 17
VisualStudioVersion = 17.1.31903.286
MinimumVisualStudioVersion = 10.0.40219.1
Project("{FAE04EC0-301F-11D3-BF4B-00C04F79EFBC}") = "Server", "Server\Server.csproj", "{56923784-685F-4A14-8187-B4BF62F7C899}"
EndProject
Project("{FAE04EC0-301F-11D3-BF4B-00C04F79EFBC}") = "Client", "Client\Client.csproj", "{D04C808E-0C6C-4776-9094-03378DB7FB29}"
EndProject
Global
	GlobalSection(SolutionConfigurationPlatforms) = preSolution
		Debug|Any CPU = Debug|Any CPU
		Release|Any CPU = Release|Any CPU
	EndGlobalSection
	GlobalSection(ProjectConfigurationPlatforms) = postSolution
		{56923784-685F-4A14-8187-B4BF62F7C899}.Debug|Any CPU.ActiveCfg = Debug|Any CPU
		{56923784-685F-4A14-8187-B4BF62F7C899}.Debug|Any CPU.Build.0 = Debug|Any CPU
		{56923784-685F-4A14-8187-B4BF62F7C899}.Release|Any CPU.ActiveCfg = Release|Any CPU
		{56923784-685F-4A14-8187-B4BF62F7C899}.Release|Any CPU.Build.0 = Release|Any CPU
		{D04C808E-0C6C-4776-9094-03378DB7FB29}.Debug|Any CPU.ActiveCfg = Debug|Any CPU
		{D04C808E-0C6C-4776-9094-03378DB7FB29}.Debug|Any CPU.Build.0 = Debug|Any CPU
		{D04C808E-0C6C-4776-9094-03378DB7FB29}.Release|Any CPU.ActiveCfg = Release|Any CPU
		{D04C808E-0C6C-4776-9094-03378DB7FB29}.Release|Any CPU.Build.0 = Release|Any CPU
	EndGlobalSection
	GlobalSection(SolutionProperties) = preSolution
		HideSolutionNode = FALSE
	EndGlobalSection
	GlobalSection(ExtensibilityGlobals) = postSolution
		SolutionGuid = {6B12F8C8-AA3B-49B4-8F98-7F719A9F3F9B}
	EndGlobalSection
EndGlobal
